lockfileVersion: '9.0'

settings:
  autoInstallPeers: true
  excludeLinksFromLockfile: false

importers:

  .:
    dependencies:
      '@neondatabase/serverless':
        specifier: latest
        version: 1.0.1
      '@radix-ui/react-dialog':
        specifier: ^1.0.5
        version: 1.1.4(@types/react-dom@18.0.0)(@types/react@18.0.0)(react-dom@18.0.0(react@18.0.0))(react@18.0.0)
      '@radix-ui/react-select':
        specifier: ^2.0.0
        version: 2.1.4(@types/react-dom@18.0.0)(@types/react@18.0.0)(react-dom@18.0.0(react@18.0.0))(react@18.0.0)
      '@radix-ui/react-tabs':
        specifier: ^1.0.4
        version: 1.1.2(@types/react-dom@18.0.0)(@types/react@18.0.0)(react-dom@18.0.0(react@18.0.0))(react@18.0.0)
      '@radix-ui/react-toast':
        specifier: ^1.1.5
        version: 1.2.4(@types/react-dom@18.0.0)(@types/react@18.0.0)(react-dom@18.0.0(react@18.0.0))(react@18.0.0)
      bcryptjs:
        specifier: latest
        version: 3.0.2
      class-variance-authority:
        specifier: ^0.7.1
        version: 0.7.1
      clsx:
        specifier: ^2.1.1
        version: 2.1.1
      jose:
        specifier: latest
        version: 6.0.11
      lucide-react:
        specifier: ^0.454.0
        version: 0.454.0(react@18.0.0)
      next:
        specifier: 14.2.16
        version: 14.2.16(react-dom@18.0.0(react@18.0.0))(react@18.0.0)
      react:
        specifier: ^18
        version: 18.0.0
      react-dom:
        specifier: ^18
        version: 18.0.0(react@18.0.0)
      tailwind-merge:
        specifier: ^2.5.5
        version: 2.5.5
      tailwindcss-animate:
        specifier: ^1.0.7
        version: 1.0.7
    devDependencies:
      '@types/node':
        specifier: ^22
        version: 22.0.0
      '@types/react':
        specifier: ^18
        version: 18.0.0
      '@types/react-dom':
        specifier: ^18
        version: 18.0.0
      postcss:
        specifier: ^8.5
        version: 8.5.0
      typescript:
        specifier: ^5
        version: 5.0.2

packages:

  '@floating-ui/core@1.7.2':
    resolution: {integrity: sha512-wNB5ooIKHQc+Kui96jE/n69rHFWAVoxn5CAzL1Xdd8FG03cgY3MLO+GF9U3W737fYDSgPWA6MReKhBQBop6Pcw==}

  '@floating-ui/dom@1.7.2':
    resolution: {integrity: sha512-7cfaOQuCS27HD7DX+6ib2OrnW+b4ZBwDNnCcT0uTyidcmyWb03FnQqJybDBoCnpdxwBSfA94UAYlRCt7mV+TbA==}

  '@floating-ui/react-dom@2.1.4':
    resolution: {integrity: sha512-JbbpPhp38UmXDDAu60RJmbeme37Jbgsm7NrHGgzYYFKmblzRUh6Pa641dII6LsjwF4XlScDrde2UAzDo/b9KPw==}
    peerDependencies:
      react: '>=16.8.0'
      react-dom: '>=16.8.0'

  '@floating-ui/utils@0.2.10':
    resolution: {integrity: sha512-aGTxbpbg8/b5JfU1HXSrbH3wXZuLPJcNEcZQFMxLs3oSzgtVu6nFPkbbGGUvBcUjKV2YyB9Wxxabo+HEH9tcRQ==}

  '@neondatabase/serverless@1.0.1':
    resolution: {integrity: sha512-O6yC5TT0jbw86VZVkmnzCZJB0hfxBl0JJz6f+3KHoZabjb/X08r9eFA+vuY06z1/qaovykvdkrXYq3SPUuvogA==}
    engines: {node: '>=19.0.0'}

  '@next/env@14.2.16':
    resolution: {integrity: sha512-fLrX5TfJzHCbnZ9YUSnGW63tMV3L4nSfhgOQ0iCcX21Pt+VSTDuaLsSuL8J/2XAiVA5AnzvXDpf6pMs60QxOag==}

  '@next/swc-darwin-arm64@14.2.16':
    resolution: {integrity: sha512-uFT34QojYkf0+nn6MEZ4gIWQ5aqGF11uIZ1HSxG+cSbj+Mg3+tYm8qXYd3dKN5jqKUm5rBVvf1PBRO/MeQ6rxw==}
    engines: {node: '>= 10'}
    cpu: [arm64]
    os: [darwin]

  '@next/swc-darwin-x64@14.2.16':
    resolution: {integrity: sha512-mCecsFkYezem0QiZlg2bau3Xul77VxUD38b/auAjohMA22G9KTJneUYMv78vWoCCFkleFAhY1NIvbyjj1ncG9g==}
    engines: {node: '>= 10'}
    cpu: [x64]
    os: [darwin]

  '@next/swc-linux-arm64-gnu@14.2.16':
    resolution: {integrity: sha512-yhkNA36+ECTC91KSyZcgWgKrYIyDnXZj8PqtJ+c2pMvj45xf7y/HrgI17hLdrcYamLfVt7pBaJUMxADtPaczHA==}
    engines: {node: '>= 10'}
    cpu: [arm64]
    os: [linux]

  '@next/swc-linux-arm64-musl@14.2.16':
    resolution: {integrity: sha512-X2YSyu5RMys8R2lA0yLMCOCtqFOoLxrq2YbazFvcPOE4i/isubYjkh+JCpRmqYfEuCVltvlo+oGfj/b5T2pKUA==}
    engines: {node: '>= 10'}
    cpu: [arm64]
    os: [linux]

  '@next/swc-linux-x64-gnu@14.2.16':
    resolution: {integrity: sha512-9AGcX7VAkGbc5zTSa+bjQ757tkjr6C/pKS7OK8cX7QEiK6MHIIezBLcQ7gQqbDW2k5yaqba2aDtaBeyyZh1i6Q==}
    engines: {node: '>= 10'}
    cpu: [x64]
    os: [linux]

  '@next/swc-linux-x64-musl@14.2.16':
    resolution: {integrity: sha512-Klgeagrdun4WWDaOizdbtIIm8khUDQJ/5cRzdpXHfkbY91LxBXeejL4kbZBrpR/nmgRrQvmz4l3OtttNVkz2Sg==}
    engines: {node: '>= 10'}
    cpu: [x64]
    os: [linux]

  '@next/swc-win32-arm64-msvc@14.2.16':
    resolution: {integrity: sha512-PwW8A1UC1Y0xIm83G3yFGPiOBftJK4zukTmk7DI1CebyMOoaVpd8aSy7K6GhobzhkjYvqS/QmzcfsWG2Dwizdg==}
    engines: {node: '>= 10'}
    cpu: [arm64]
    os: [win32]

  '@next/swc-win32-ia32-msvc@14.2.16':
    resolution: {integrity: sha512-jhPl3nN0oKEshJBNDAo0etGMzv0j3q3VYorTSFqH1o3rwv1MQRdor27u1zhkgsHPNeY1jxcgyx1ZsCkDD1IHgg==}
    engines: {node: '>= 10'}
    cpu: [ia32]
    os: [win32]

  '@next/swc-win32-x64-msvc@14.2.16':
    resolution: {integrity: sha512-OA7NtfxgirCjfqt+02BqxC3MIgM/JaGjw9tOe4fyZgPsqfseNiMPnCRP44Pfs+Gpo9zPN+SXaFsgP6vk8d571A==}
    engines: {node: '>= 10'}
    cpu: [x64]
    os: [win32]

  '@radix-ui/number@1.1.0':
    resolution: {integrity: sha512-V3gRzhVNU1ldS5XhAPTom1fOIo4ccrjjJgmE+LI2h/WaFpHmx0MQApT+KZHnx8abG6Avtfcz4WoEciMnpFT3HQ==}

  '@radix-ui/primitive@1.1.1':
    resolution: {integrity: sha512-SJ31y+Q/zAyShtXJc8x83i9TYdbAfHZ++tUZnvjJJqFjzsdUnKsxPL6IEtBlxKkU7yzer//GQtZSV4GbldL3YA==}

  '@radix-ui/react-arrow@1.1.1':
    resolution: {integrity: sha512-NaVpZfmv8SKeZbn4ijN2V3jlHA9ngBG16VnIIm22nUR0Yk8KUALyBxT3KYEUnNuch9sTE8UTsS3whzBgKOL30w==}
    peerDependencies:
      '@types/react': '*'
      '@types/react-dom': '*'
      react: ^16.8 || ^17.0 || ^18.0 || ^19.0 || ^19.0.0-rc
      react-dom: ^16.8 || ^17.0 || ^18.0 || ^19.0 || ^19.0.0-rc
    peerDependenciesMeta:
      '@types/react':
        optional: true
      '@types/react-dom':
        optional: true

  '@radix-ui/react-collection@1.1.1':
    resolution: {integrity: sha512-LwT3pSho9Dljg+wY2KN2mrrh6y3qELfftINERIzBUO9e0N+t0oMTyn3k9iv+ZqgrwGkRnLpNJrsMv9BZlt2yuA==}
    peerDependencies:
      '@types/react': '*'
      '@types/react-dom': '*'
      react: ^16.8 || ^17.0 || ^18.0 || ^19.0 || ^19.0.0-rc
      react-dom: ^16.8 || ^17.0 || ^18.0 || ^19.0 || ^19.0.0-rc
    peerDependenciesMeta:
      '@types/react':
        optional: true
      '@types/react-dom':
        optional: true

  '@radix-ui/react-compose-refs@1.1.1':
    resolution: {integrity: sha512-Y9VzoRDSJtgFMUCoiZBDVo084VQ5hfpXxVE+NgkdNsjiDBByiImMZKKhxMwCbdHvhlENG6a833CbFkOQvTricw==}
    peerDependencies:
      '@types/react': '*'
      react: ^16.8 || ^17.0 || ^18.0 || ^19.0 || ^19.0.0-rc
    peerDependenciesMeta:
      '@types/react':
        optional: true

  '@radix-ui/react-context@1.1.1':
    resolution: {integrity: sha512-UASk9zi+crv9WteK/NU4PLvOoL3OuE6BWVKNF6hPRBtYBDXQ2u5iu3O59zUlJiTVvkyuycnqrztsHVJwcK9K+Q==}
    peerDependencies:
      '@types/react': '*'
      react: ^16.8 || ^17.0 || ^18.0 || ^19.0 || ^19.0.0-rc
    peerDependenciesMeta:
      '@types/react':
        optional: true

  '@radix-ui/react-dialog@1.1.4':
    resolution: {integrity: sha512-Ur7EV1IwQGCyaAuyDRiOLA5JIUZxELJljF+MbM/2NC0BYwfuRrbpS30BiQBJrVruscgUkieKkqXYDOoByaxIoA==}
    peerDependencies:
      '@types/react': '*'
      '@types/react-dom': '*'
      react: ^16.8 || ^17.0 || ^18.0 || ^19.0 || ^19.0.0-rc
      react-dom: ^16.8 || ^17.0 || ^18.0 || ^19.0 || ^19.0.0-rc
    peerDependenciesMeta:
      '@types/react':
        optional: true
      '@types/react-dom':
        optional: true

  '@radix-ui/react-direction@1.1.0':
    resolution: {integrity: sha512-BUuBvgThEiAXh2DWu93XsT+a3aWrGqolGlqqw5VU1kG7p/ZH2cuDlM1sRLNnY3QcBS69UIz2mcKhMxDsdewhjg==}
    peerDependencies:
      '@types/react': '*'
      react: ^16.8 || ^17.0 || ^18.0 || ^19.0 || ^19.0.0-rc
    peerDependenciesMeta:
      '@types/react':
        optional: true

  '@radix-ui/react-dismissable-layer@1.1.3':
    resolution: {integrity: sha512-onrWn/72lQoEucDmJnr8uczSNTujT0vJnA/X5+3AkChVPowr8n1yvIKIabhWyMQeMvvmdpsvcyDqx3X1LEXCPg==}
    peerDependencies:
      '@types/react': '*'
      '@types/react-dom': '*'
      react: ^16.8 || ^17.0 || ^18.0 || ^19.0 || ^19.0.0-rc
      react-dom: ^16.8 || ^17.0 || ^18.0 || ^19.0 || ^19.0.0-rc
    peerDependenciesMeta:
      '@types/react':
        optional: true
      '@types/react-dom':
        optional: true

  '@radix-ui/react-focus-guards@1.1.1':
    resolution: {integrity: sha512-pSIwfrT1a6sIoDASCSpFwOasEwKTZWDw/iBdtnqKO7v6FeOzYJ7U53cPzYFVR3geGGXgVHaH+CdngrrAzqUGxg==}
    peerDependencies:
      '@types/react': '*'
      react: ^16.8 || ^17.0 || ^18.0 || ^19.0 || ^19.0.0-rc
    peerDependenciesMeta:
      '@types/react':
        optional: true

  '@radix-ui/react-focus-scope@1.1.1':
    resolution: {integrity: sha512-01omzJAYRxXdG2/he/+xy+c8a8gCydoQ1yOxnWNcRhrrBW5W+RQJ22EK1SaO8tb3WoUsuEw7mJjBozPzihDFjA==}
    peerDependencies:
      '@types/react': '*'
      '@types/react-dom': '*'
      react: ^16.8 || ^17.0 || ^18.0 || ^19.0 || ^19.0.0-rc
      react-dom: ^16.8 || ^17.0 || ^18.0 || ^19.0 || ^19.0.0-rc
    peerDependenciesMeta:
      '@types/react':
        optional: true
      '@types/react-dom':
        optional: true

  '@radix-ui/react-id@1.1.0':
    resolution: {integrity: sha512-EJUrI8yYh7WOjNOqpoJaf1jlFIH2LvtgAl+YcFqNCa+4hj64ZXmPkAKOFs/ukjz3byN6bdb/AVUqHkI8/uWWMA==}
    peerDependencies:
      '@types/react': '*'
      react: ^16.8 || ^17.0 || ^18.0 || ^19.0 || ^19.0.0-rc
    peerDependenciesMeta:
      '@types/react':
        optional: true

  '@radix-ui/react-popper@1.2.1':
    resolution: {integrity: sha512-3kn5Me69L+jv82EKRuQCXdYyf1DqHwD2U/sxoNgBGCB7K9TRc3bQamQ+5EPM9EvyPdli0W41sROd+ZU1dTCztw==}
    peerDependencies:
      '@types/react': '*'
      '@types/react-dom': '*'
      react: ^16.8 || ^17.0 || ^18.0 || ^19.0 || ^19.0.0-rc
      react-dom: ^16.8 || ^17.0 || ^18.0 || ^19.0 || ^19.0.0-rc
    peerDependenciesMeta:
      '@types/react':
        optional: true
      '@types/react-dom':
        optional: true

  '@radix-ui/react-portal@1.1.3':
    resolution: {integrity: sha512-NciRqhXnGojhT93RPyDaMPfLH3ZSl4jjIFbZQ1b/vxvZEdHsBZ49wP9w8L3HzUQwep01LcWtkUvm0OVB5JAHTw==}
    peerDependencies:
      '@types/react': '*'
      '@types/react-dom': '*'
      react: ^16.8 || ^17.0 || ^18.0 || ^19.0 || ^19.0.0-rc
      react-dom: ^16.8 || ^17.0 || ^18.0 || ^19.0 || ^19.0.0-rc
    peerDependenciesMeta:
      '@types/react':
        optional: true
      '@types/react-dom':
        optional: true

  '@radix-ui/react-presence@1.1.2':
    resolution: {integrity: sha512-18TFr80t5EVgL9x1SwF/YGtfG+l0BS0PRAlCWBDoBEiDQjeKgnNZRVJp/oVBl24sr3Gbfwc/Qpj4OcWTQMsAEg==}
    peerDependencies:
      '@types/react': '*'
      '@types/react-dom': '*'
      react: ^16.8 || ^17.0 || ^18.0 || ^19.0 || ^19.0.0-rc
      react-dom: ^16.8 || ^17.0 || ^18.0 || ^19.0 || ^19.0.0-rc
    peerDependenciesMeta:
      '@types/react':
        optional: true
      '@types/react-dom':
        optional: true

  '@radix-ui/react-primitive@2.0.1':
    resolution: {integrity: sha512-sHCWTtxwNn3L3fH8qAfnF3WbUZycW93SM1j3NFDzXBiz8D6F5UTTy8G1+WFEaiCdvCVRJWj6N2R4Xq6HdiHmDg==}
    peerDependencies:
      '@types/react': '*'
      '@types/react-dom': '*'
      react: ^16.8 || ^17.0 || ^18.0 || ^19.0 || ^19.0.0-rc
      react-dom: ^16.8 || ^17.0 || ^18.0 || ^19.0 || ^19.0.0-rc
    peerDependenciesMeta:
      '@types/react':
        optional: true
      '@types/react-dom':
        optional: true

  '@radix-ui/react-roving-focus@1.1.1':
    resolution: {integrity: sha512-QE1RoxPGJ/Nm8Qmk0PxP8ojmoaS67i0s7hVssS7KuI2FQoc/uzVlZsqKfQvxPE6D8hICCPHJ4D88zNhT3OOmkw==}
    peerDependencies:
      '@types/react': '*'
      '@types/react-dom': '*'
      react: ^16.8 || ^17.0 || ^18.0 || ^19.0 || ^19.0.0-rc
      react-dom: ^16.8 || ^17.0 || ^18.0 || ^19.0 || ^19.0.0-rc
    peerDependenciesMeta:
      '@types/react':
        optional: true
      '@types/react-dom':
        optional: true

  '@radix-ui/react-select@2.1.4':
    resolution: {integrity: sha512-pOkb2u8KgO47j/h7AylCj7dJsm69BXcjkrvTqMptFqsE2i0p8lHkfgneXKjAgPzBMivnoMyt8o4KiV4wYzDdyQ==}
    peerDependencies:
      '@types/react': '*'
      '@types/react-dom': '*'
      react: ^16.8 || ^17.0 || ^18.0 || ^19.0 || ^19.0.0-rc
      react-dom: ^16.8 || ^17.0 || ^18.0 || ^19.0 || ^19.0.0-rc
    peerDependenciesMeta:
      '@types/react':
        optional: true
      '@types/react-dom':
        optional: true

  '@radix-ui/react-slot@1.1.1':
    resolution: {integrity: sha512-RApLLOcINYJA+dMVbOju7MYv1Mb2EBp2nH4HdDzXTSyaR5optlm6Otrz1euW3HbdOR8UmmFK06TD+A9frYWv+g==}
    peerDependencies:
      '@types/react': '*'
      react: ^16.8 || ^17.0 || ^18.0 || ^19.0 || ^19.0.0-rc
    peerDependenciesMeta:
      '@types/react':
        optional: true

  '@radix-ui/react-tabs@1.1.2':
    resolution: {integrity: sha512-9u/tQJMcC2aGq7KXpGivMm1mgq7oRJKXphDwdypPd/j21j/2znamPU8WkXgnhUaTrSFNIt8XhOyCAupg8/GbwQ==}
    peerDependencies:
      '@types/react': '*'
      '@types/react-dom': '*'
      react: ^16.8 || ^17.0 || ^18.0 || ^19.0 || ^19.0.0-rc
      react-dom: ^16.8 || ^17.0 || ^18.0 || ^19.0 || ^19.0.0-rc
    peerDependenciesMeta:
      '@types/react':
        optional: true
      '@types/react-dom':
        optional: true

  '@radix-ui/react-toast@1.2.4':
    resolution: {integrity: sha512-Sch9idFJHJTMH9YNpxxESqABcAFweJG4tKv+0zo0m5XBvUSL8FM5xKcJLFLXononpePs8IclyX1KieL5SDUNgA==}
    peerDependencies:
      '@types/react': '*'
      '@types/react-dom': '*'
      react: ^16.8 || ^17.0 || ^18.0 || ^19.0 || ^19.0.0-rc
      react-dom: ^16.8 || ^17.0 || ^18.0 || ^19.0 || ^19.0.0-rc
    peerDependenciesMeta:
      '@types/react':
        optional: true
      '@types/react-dom':
        optional: true

  '@radix-ui/react-use-callback-ref@1.1.0':
    resolution: {integrity: sha512-CasTfvsy+frcFkbXtSJ2Zu9JHpN8TYKxkgJGWbjiZhFivxaeW7rMeZt7QELGVLaYVfFMsKHjb7Ak0nMEe+2Vfw==}
    peerDependencies:
      '@types/react': '*'
      react: ^16.8 || ^17.0 || ^18.0 || ^19.0 || ^19.0.0-rc
    peerDependenciesMeta:
      '@types/react':
        optional: true

  '@radix-ui/react-use-controllable-state@1.1.0':
    resolution: {integrity: sha512-MtfMVJiSr2NjzS0Aa90NPTnvTSg6C/JLCV7ma0W6+OMV78vd8OyRpID+Ng9LxzsPbLeuBnWBA1Nq30AtBIDChw==}
    peerDependencies:
      '@types/react': '*'
      react: ^16.8 || ^17.0 || ^18.0 || ^19.0 || ^19.0.0-rc
    peerDependenciesMeta:
      '@types/react':
        optional: true

  '@radix-ui/react-use-escape-keydown@1.1.0':
    resolution: {integrity: sha512-L7vwWlR1kTTQ3oh7g1O0CBF3YCyyTj8NmhLR+phShpyA50HCfBFKVJTpshm9PzLiKmehsrQzTYTpX9HvmC9rhw==}
    peerDependencies:
      '@types/react': '*'
      react: ^16.8 || ^17.0 || ^18.0 || ^19.0 || ^19.0.0-rc
    peerDependenciesMeta:
      '@types/react':
        optional: true

  '@radix-ui/react-use-layout-effect@1.1.0':
    resolution: {integrity: sha512-+FPE0rOdziWSrH9athwI1R0HDVbWlEhd+FR+aSDk4uWGmSJ9Z54sdZVDQPZAinJhJXwfT+qnj969mCsT2gfm5w==}
    peerDependencies:
      '@types/react': '*'
      react: ^16.8 || ^17.0 || ^18.0 || ^19.0 || ^19.0.0-rc
    peerDependenciesMeta:
      '@types/react':
        optional: true

  '@radix-ui/react-use-previous@1.1.0':
    resolution: {integrity: sha512-Z/e78qg2YFnnXcW88A4JmTtm4ADckLno6F7OXotmkQfeuCVaKuYzqAATPhVzl3delXE7CxIV8shofPn3jPc5Og==}
    peerDependencies:
      '@types/react': '*'
      react: ^16.8 || ^17.0 || ^18.0 || ^19.0 || ^19.0.0-rc
    peerDependenciesMeta:
      '@types/react':
        optional: true

  '@radix-ui/react-use-rect@1.1.0':
    resolution: {integrity: sha512-0Fmkebhr6PiseyZlYAOtLS+nb7jLmpqTrJyv61Pe68MKYW6OWdRE2kI70TaYY27u7H0lajqM3hSMMLFq18Z7nQ==}
    peerDependencies:
      '@types/react': '*'
      react: ^16.8 || ^17.0 || ^18.0 || ^19.0 || ^19.0.0-rc
    peerDependenciesMeta:
      '@types/react':
        optional: true

  '@radix-ui/react-use-size@1.1.0':
    resolution: {integrity: sha512-XW3/vWuIXHa+2Uwcc2ABSfcCledmXhhQPlGbfcRXbiUQI5Icjcg19BGCZVKKInYbvUCut/ufbbLLPFC5cbb1hw==}
    peerDependencies:
      '@types/react': '*'
      react: ^16.8 || ^17.0 || ^18.0 || ^19.0 || ^19.0.0-rc
    peerDependenciesMeta:
      '@types/react':
        optional: true

  '@radix-ui/react-visually-hidden@1.1.1':
    resolution: {integrity: sha512-vVfA2IZ9q/J+gEamvj761Oq1FpWgCDaNOOIfbPVp2MVPLEomUr5+Vf7kJGwQ24YxZSlQVar7Bes8kyTo5Dshpg==}
    peerDependencies:
      '@types/react': '*'
      '@types/react-dom': '*'
      react: ^16.8 || ^17.0 || ^18.0 || ^19.0 || ^19.0.0-rc
      react-dom: ^16.8 || ^17.0 || ^18.0 || ^19.0 || ^19.0.0-rc
    peerDependenciesMeta:
      '@types/react':
        optional: true
      '@types/react-dom':
        optional: true

  '@radix-ui/rect@1.1.0':
    resolution: {integrity: sha512-A9+lCBZoaMJlVKcRBz2YByCG+Cp2t6nAnMnNba+XiWxnj6r4JUFqfsgwocMBZU9LPtdxC6wB56ySYpc7LQIoJg==}

  '@swc/counter@0.1.3':
    resolution: {integrity: sha512-e2BR4lsJkkRlKZ/qCHPw9ZaSxc0MVUd7gtbtaB7aMvHeJVYe8sOB8DBZkP2DtISHGSku9sCK6T6cnY0CtXrOCQ==}

  '@swc/helpers@0.5.5':
    resolution: {integrity: sha512-KGYxvIOXcceOAbEk4bi/dVLEK9z8sZ0uBB3Il5b1rhfClSpcX0yfRO0KmTkqR2cnQDymwLB+25ZyMzICg/cm/A==}

  '@types/node@22.0.0':
    resolution: {integrity: sha512-VT7KSYudcPOzP5Q0wfbowyNLaVR8QWUdw+088uFWwfvpY6uCWaXpqV6ieLAu9WBcnTa7H4Z5RLK8I5t2FuOcqw==}

  '@types/node@22.16.0':
    resolution: {integrity: sha512-B2egV9wALML1JCpv3VQoQ+yesQKAmNMBIAY7OteVrikcOcAkWm+dGL6qpeCktPjAv6N1JLnhbNiqS35UpFyBsQ==}

  '@types/pg@8.15.4':
    resolution: {integrity: sha512-I6UNVBAoYbvuWkkU3oosC8yxqH21f4/Jc4DK71JLG3dT2mdlGe1z+ep/LQGXaKaOgcvUrsQoPRqfgtMcvZiJhg==}

  '@types/prop-types@15.7.15':
    resolution: {integrity: sha512-F6bEyamV9jKGAFBEmlQnesRPGOQqS2+Uwi0Em15xenOxHaf2hv6L8YCVn3rPdPJOiJfPiCnLIRyvwVaqMY3MIw==}

  '@types/react-dom@18.0.0':
    resolution: {integrity: sha512-49897Y0UiCGmxZqpC8Blrf6meL8QUla6eb+BBhn69dTXlmuOlzkfr7HHY/O8J25e1lTUMs+YYxSlVDAaGHCOLg==}

  '@types/react@18.0.0':
    resolution: {integrity: sha512-7+K7zEQYu7NzOwQGLR91KwWXXDzmTFODRVizJyIALf6RfLv2GDpqpknX64pvRVILXCpXi7O/pua8NGk44dLvJw==}

  '@types/scheduler@0.26.0':
    resolution: {integrity: sha512-WFHp9YUJQ6CKshqoC37iOlHnQSmxNc795UhB26CyBBttrN9svdIrUjl/NjnNmfcwtncN0h/0PPAFWv9ovP8mLA==}

  aria-hidden@1.2.6:
    resolution: {integrity: sha512-ik3ZgC9dY/lYVVM++OISsaYDeg1tb0VtP5uL3ouh1koGOaUMDPpbFIei4JkFimWUFPn90sbMNMXQAIVOlnYKJA==}
    engines: {node: '>=10'}

  bcryptjs@3.0.2:
    resolution: {integrity: sha512-k38b3XOZKv60C4E2hVsXTolJWfkGRMbILBIe2IBITXciy5bOsTKot5kDrf3ZfufQtQOUN5mXceUEpU1rTl9Uog==}
    hasBin: true

  busboy@1.6.0:
    resolution: {integrity: sha512-8SFQbg/0hQ9xy3UNTB0YEnsNBbWfhf7RtnzpL7TkBiTBRfrQ9Fxcnz7VJsleJpyp6rVLvXiuORqjlHi5q+PYuA==}
    engines: {node: '>=10.16.0'}

  caniuse-lite@1.0.30001726:
    resolution: {integrity: sha512-VQAUIUzBiZ/UnlM28fSp2CRF3ivUn1BWEvxMcVTNwpw91Py1pGbPIyIKtd+tzct9C3ouceCVdGAXxZOpZAsgdw==}

  class-variance-authority@0.7.1:
    resolution: {integrity: sha512-Ka+9Trutv7G8M6WT6SeiRWz792K5qEqIGEGzXKhAE6xOWAY6pPH8U+9IY3oCMv6kqTmLsv7Xh/2w2RigkePMsg==}

  client-only@0.0.1:
    resolution: {integrity: sha512-IV3Ou0jSMzZrd3pZ48nLkT9DA7Ag1pnPzaiQhpW7c3RbcqqzvzzVu+L8gfqMp/8IM2MQtSiqaCxrrcfu8I8rMA==}

  clsx@2.1.1:
    resolution: {integrity: sha512-eYm0QWBtUrBWZWG0d386OGAw16Z995PiOVo2B7bjWSbHedGl5e0ZWaq65kOGgUSNesEIDkB9ISbTg/JK9dhCZA==}
    engines: {node: '>=6'}

  csstype@3.1.3:
    resolution: {integrity: sha512-M1uQkMl8rQK/szD0LNhtqxIPLpimGm8sOBwU7lLnCpSbTyY3yeU1Vc7l4KT5zT4s/yOxHH5O7tIuuLOCnLADRw==}

  detect-node-es@1.1.0:
    resolution: {integrity: sha512-ypdmJU/TbBby2Dxibuv7ZLW3Bs1QEmM7nHjEANfohJLvE0XVujisn1qPJcZxg+qDucsr+bP6fLD1rPS3AhJ7EQ==}

  get-nonce@1.0.1:
    resolution: {integrity: sha512-FJhYRoDaiatfEkUK8HKlicmu/3SGFD51q3itKDGoSTysQJBnfOcxU5GxnhE1E6soB76MbT0MBtnKJuXyAx+96Q==}
    engines: {node: '>=6'}

  graceful-fs@4.2.11:
    resolution: {integrity: sha512-RbJ5/jmFcNNCcDV5o9eTnBLJ/HszWV0P73bc+Ff4nS/rJj+YaS6IGyiOL0VoBYX+l1Wrl3k63h/KrH+nhJ0XvQ==}

  jose@6.0.11:
    resolution: {integrity: sha512-QxG7EaliDARm1O1S8BGakqncGT9s25bKL1WSf6/oa17Tkqwi8D2ZNglqCF+DsYF88/rV66Q/Q2mFAy697E1DUg==}

  js-tokens@4.0.0:
    resolution: {integrity: sha512-RdJUflcE3cUzKiMqQgsCu06FPu9UdIJO0beYbPhHN4k6apgJtifcoCtT9bcxOpYBtpD2kCM6Sbzg4CausW/PKQ==}

  loose-envify@1.4.0:
    resolution: {integrity: sha512-lyuxPGr/Wfhrlem2CL/UcnUc1zcqKAImBDzukY7Y5F/yQiNdko6+fRLevlw1HgMySw7f611UIY408EtxRSoK3Q==}
    hasBin: true

  lucide-react@0.454.0:
    resolution: {integrity: sha512-hw7zMDwykCLnEzgncEEjHeA6+45aeEzRYuKHuyRSOPkhko+J3ySGjGIzu+mmMfDFG1vazHepMaYFYHbTFAZAAQ==}
    peerDependencies:
      react: ^16.5.1 || ^17.0.0 || ^18.0.0 || ^19.0.0-rc

  nanoid@3.3.11:
    resolution: {integrity: sha512-N8SpfPUnUp1bK+PMYW8qSWdl9U+wwNWI4QKxOYDy9JAro3WMX7p2OeVRF9v+347pnakNevPmiHhNmZ2HbFA76w==}
    engines: {node: ^10 || ^12 || ^13.7 || ^14 || >=15.0.1}
    hasBin: true

  next@14.2.16:
    resolution: {integrity: sha512-LcO7WnFu6lYSvCzZoo1dB+IO0xXz5uEv52HF1IUN0IqVTUIZGHuuR10I5efiLadGt+4oZqTcNZyVVEem/TM5nA==}
    engines: {node: '>=18.17.0'}
    hasBin: true
    peerDependencies:
      '@opentelemetry/api': ^1.1.0
      '@playwright/test': ^1.41.2
      react: ^18.2.0
      react-dom: ^18.2.0
      sass: ^1.3.0
    peerDependenciesMeta:
      '@opentelemetry/api':
        optional: true
      '@playwright/test':
        optional: true
      sass:
        optional: true

  pg-int8@1.0.1:
    resolution: {integrity: sha512-WCtabS6t3c8SkpDBUlb1kjOs7l66xsGdKpIPZsg4wR+B3+u9UAum2odSsF9tnvxg80h4ZxLWMy4pRjOsFIqQpw==}
    engines: {node: '>=4.0.0'}

  pg-protocol@1.10.3:
    resolution: {integrity: sha512-6DIBgBQaTKDJyxnXaLiLR8wBpQQcGWuAESkRBX/t6OwA8YsqP+iVSiond2EDy6Y/dsGk8rh/jtax3js5NeV7JQ==}

  pg-types@2.2.0:
    resolution: {integrity: sha512-qTAAlrEsl8s4OiEQY69wDvcMIdQN6wdz5ojQiOy6YRMuynxenON0O5oCpJI6lshc6scgAY8qvJ2On/p+CXY0GA==}
    engines: {node: '>=4'}

  picocolors@1.1.1:
    resolution: {integrity: sha512-xceH2snhtb5M9liqDsmEw56le376mTZkEX/jEb/RxNFyegNul7eNslCXP9FDj/Lcu0X8KEyMceP2ntpaHrDEVA==}

  postcss@8.4.31:
    resolution: {integrity: sha512-PS08Iboia9mts/2ygV3eLpY5ghnUcfLV/EXTOW1E2qYxJKGGBUtNjN76FYHnMs36RmARn41bC0AZmn+rR0OVpQ==}
    engines: {node: ^10 || ^12 || >=14}

  postcss@8.5.0:
    resolution: {integrity: sha512-27VKOqrYfPncKA2NrFOVhP5MGAfHKLYn/Q0mz9cNQyRAKYi3VNHwYU2qKKqPCqgBmeeJ0uAFB56NumXZ5ZReXg==}
    engines: {node: ^10 || ^12 || >=14}

  postgres-array@2.0.0:
    resolution: {integrity: sha512-VpZrUqU5A69eQyW2c5CA1jtLecCsN2U/bD6VilrFDWq5+5UIEVO7nazS3TEcHf1zuPYO/sqGvUvW62g86RXZuA==}
    engines: {node: '>=4'}

  postgres-bytea@1.0.0:
    resolution: {integrity: sha512-xy3pmLuQqRBZBXDULy7KbaitYqLcmxigw14Q5sj8QBVLqEwXfeybIKVWiqAXTlcvdvb0+xkOtDbfQMOf4lST1w==}
    engines: {node: '>=0.10.0'}

  postgres-date@1.0.7:
    resolution: {integrity: sha512-suDmjLVQg78nMK2UZ454hAG+OAW+HQPZ6n++TNDUX+L0+uUlLywnoxJKDou51Zm+zTCjrCl0Nq6J9C5hP9vK/Q==}
    engines: {node: '>=0.10.0'}

  postgres-interval@1.2.0:
    resolution: {integrity: sha512-9ZhXKM/rw350N1ovuWHbGxnGh/SNJ4cnxHiM0rxE4VN41wsg8P8zWn9hv/buK00RP4WvlOyr/RBDiptyxVbkZQ==}
    engines: {node: '>=0.10.0'}

  react-dom@18.0.0:
    resolution: {integrity: sha512-XqX7uzmFo0pUceWFCt7Gff6IyIMzFUn7QMZrbrQfGxtaxXZIcGQzoNpRLE3fQLnS4XzLLPMZX2T9TRcSrasicw==}
    peerDependencies:
      react: ^18.0.0

  react-remove-scroll-bar@2.3.8:
    resolution: {integrity: sha512-9r+yi9+mgU33AKcj6IbT9oRCO78WriSj6t/cF8DWBZJ9aOGPOTEDvdUDz1FwKim7QXWwmHqtdHnRJfhAxEG46Q==}
    engines: {node: '>=10'}
    peerDependencies:
      '@types/react': '*'
      react: ^16.8.0 || ^17.0.0 || ^18.0.0 || ^19.0.0
    peerDependenciesMeta:
      '@types/react':
        optional: true

  react-remove-scroll@2.7.1:
    resolution: {integrity: sha512-HpMh8+oahmIdOuS5aFKKY6Pyog+FNaZV/XyJOq7b4YFwsFHe5yYfdbIalI4k3vU2nSDql7YskmUseHsRrJqIPA==}
    engines: {node: '>=10'}
    peerDependencies:
      '@types/react': '*'
      react: ^16.8.0 || ^17.0.0 || ^18.0.0 || ^19.0.0 || ^19.0.0-rc
    peerDependenciesMeta:
      '@types/react':
        optional: true

  react-style-singleton@2.2.3:
    resolution: {integrity: sha512-b6jSvxvVnyptAiLjbkWLE/lOnR4lfTtDAl+eUC7RZy+QQWc6wRzIV2CE6xBuMmDxc2qIihtDCZD5NPOFl7fRBQ==}
    engines: {node: '>=10'}
    peerDependencies:
      '@types/react': '*'
      react: ^16.8.0 || ^17.0.0 || ^18.0.0 || ^19.0.0 || ^19.0.0-rc
    peerDependenciesMeta:
      '@types/react':
        optional: true

  react@18.0.0:
    resolution: {integrity: sha512-x+VL6wbT4JRVPm7EGxXhZ8w8LTROaxPXOqhlGyVSrv0sB1jkyFGgXxJ8LVoPRLvPR6/CIZGFmfzqUa2NYeMr2A==}
    engines: {node: '>=0.10.0'}

  scheduler@0.21.0:
    resolution: {integrity: sha512-1r87x5fz9MXqswA2ERLo0EbOAU74DpIUO090gIasYTqlVoJeMcl+Z1Rg7WHz+qtPujhS/hGIt9kxZOYBV3faRQ==}

  source-map-js@1.2.1:
    resolution: {integrity: sha512-UXWMKhLOwVKb728IUtQPXxfYU+usdybtUrK/8uGE8CQMvrhOpwvzDBwj0QhSL7MQc7vIsISBG8VQ8+IDQxpfQA==}
    engines: {node: '>=0.10.0'}

  streamsearch@1.1.0:
    resolution: {integrity: sha512-Mcc5wHehp9aXz1ax6bZUyY5afg9u2rv5cqQI3mRrYkGC8rW2hM02jWuwjtL++LS5qinSyhj2QfLyNsuc+VsExg==}
    engines: {node: '>=10.0.0'}

  styled-jsx@5.1.1:
    resolution: {integrity: sha512-pW7uC1l4mBZ8ugbiZrcIsiIvVx1UmTfw7UkC3Um2tmfUq9Bhk8IiyEIPl6F8agHgjzku6j0xQEZbfA5uSgSaCw==}
    engines: {node: '>= 12.0.0'}
    peerDependencies:
      '@babel/core': '*'
      babel-plugin-macros: '*'
      react: '>= 16.8.0 || 17.x.x || ^18.0.0-0'
    peerDependenciesMeta:
      '@babel/core':
        optional: true
      babel-plugin-macros:
        optional: true

  tailwind-merge@2.5.5:
    resolution: {integrity: sha512-0LXunzzAZzo0tEPxV3I297ffKZPlKDrjj7NXphC8V5ak9yHC5zRmxnOe2m/Rd/7ivsOMJe3JZ2JVocoDdQTRBA==}

  tailwindcss-animate@1.0.7:
    resolution: {integrity: sha512-bl6mpH3T7I3UFxuvDEXLxy/VuFxBk5bbzplh7tXI68mwMokNYd1t9qPBHlnyTwfa4JGC4zP516I1hYYtQ/vspA==}
    peerDependencies:
      tailwindcss: '>=3.0.0 || insiders'

  tslib@2.8.1:
    resolution: {integrity: sha512-oJFu94HQb+KVduSUQL7wnpmqnfmLsOA/nAh6b6EH0wCEoK0/mPeXU6c3wKDV83MkOuHPRHtSXKKU99IBazS/2w==}

  typescript@5.0.2:
    resolution: {integrity: sha512-wVORMBGO/FAs/++blGNeAVdbNKtIh1rbBL2EyQ1+J9lClJ93KiiKe8PmFIVdXhHcyv44SL9oglmfeSsndo0jRw==}
    engines: {node: '>=12.20'}
    hasBin: true

  undici-types@6.11.1:
    resolution: {integrity: sha512-mIDEX2ek50x0OlRgxryxsenE5XaQD4on5U2inY7RApK3SOJpofyw7uW2AyfMKkhAxXIceo2DeWGVGwyvng1GNQ==}

  undici-types@6.21.0:
    resolution: {integrity: sha512-iwDZqg0QAGrg9Rav5H4n0M64c3mkR59cJ6wQp+7C4nI0gsmExaedaYLNO44eT4AtBBwjbTiGPMlt2Md0T9H9JQ==}

  use-callback-ref@1.3.3:
    resolution: {integrity: sha512-jQL3lRnocaFtu3V00JToYz/4QkNWswxijDaCVNZRiRTO3HQDLsdu1ZtmIUvV4yPp+rvWm5j0y0TG/S61cuijTg==}
    engines: {node: '>=10'}
    peerDependencies:
      '@types/react': '*'
      react: ^16.8.0 || ^17.0.0 || ^18.0.0 || ^19.0.0 || ^19.0.0-rc
    peerDependenciesMeta:
      '@types/react':
        optional: true

  use-sidecar@1.1.3:
    resolution: {integrity: sha512-Fedw0aZvkhynoPYlA5WXrMCAMm+nSWdZt6lzJQ7Ok8S6Q+VsHmHpRWndVRJ8Be0ZbkfPc5LRYH+5XrzXcEeLRQ==}
    engines: {node: '>=10'}
    peerDependencies:
      '@types/react': '*'
      react: ^16.8.0 || ^17.0.0 || ^18.0.0 || ^19.0.0 || ^19.0.0-rc
    peerDependenciesMeta:
      '@types/react':
        optional: true

  xtend@4.0.2:
    resolution: {integrity: sha512-LKYU1iAXJXUgAXn9URjiu+MWhyUXHsvfp7mcuYm9dSUKK0/CjtrUwFAxD82/mCWbtLsGjFIad0wIsod4zrTAEQ==}
    engines: {node: '>=0.4'}

snapshots:

  '@floating-ui/core@1.7.2':
    dependencies:
      '@floating-ui/utils': 0.2.10

  '@floating-ui/dom@1.7.2':
    dependencies:
      '@floating-ui/core': 1.7.2
      '@floating-ui/utils': 0.2.10

  '@floating-ui/react-dom@2.1.4(react-dom@18.0.0(react@18.0.0))(react@18.0.0)':
    dependencies:
      '@floating-ui/dom': 1.7.2
      react: 18.0.0
      react-dom: 18.0.0(react@18.0.0)

  '@floating-ui/utils@0.2.10': {}

  '@neondatabase/serverless@1.0.1':
    dependencies:
      '@types/node': 22.16.0
      '@types/pg': 8.15.4

  '@next/env@14.2.16': {}

  '@next/swc-darwin-arm64@14.2.16':
    optional: true

  '@next/swc-darwin-x64@14.2.16':
    optional: true

  '@next/swc-linux-arm64-gnu@14.2.16':
    optional: true

  '@next/swc-linux-arm64-musl@14.2.16':
    optional: true

  '@next/swc-linux-x64-gnu@14.2.16':
    optional: true

  '@next/swc-linux-x64-musl@14.2.16':
    optional: true

  '@next/swc-win32-arm64-msvc@14.2.16':
    optional: true

  '@next/swc-win32-ia32-msvc@14.2.16':
    optional: true

  '@next/swc-win32-x64-msvc@14.2.16':
    optional: true

  '@radix-ui/number@1.1.0': {}

  '@radix-ui/primitive@1.1.1': {}

  '@radix-ui/react-arrow@1.1.1(@types/react-dom@18.0.0)(@types/react@18.0.0)(react-dom@18.0.0(react@18.0.0))(react@18.0.0)':
    dependencies:
      '@radix-ui/react-primitive': 2.0.1(@types/react-dom@18.0.0)(@types/react@18.0.0)(react-dom@18.0.0(react@18.0.0))(react@18.0.0)
      react: 18.0.0
      react-dom: 18.0.0(react@18.0.0)
    optionalDependencies:
      '@types/react': 18.0.0
      '@types/react-dom': 18.0.0

  '@radix-ui/react-collection@1.1.1(@types/react-dom@18.0.0)(@types/react@18.0.0)(react-dom@18.0.0(react@18.0.0))(react@18.0.0)':
    dependencies:
      '@radix-ui/react-compose-refs': 1.1.1(@types/react@18.0.0)(react@18.0.0)
      '@radix-ui/react-context': 1.1.1(@types/react@18.0.0)(react@18.0.0)
      '@radix-ui/react-primitive': 2.0.1(@types/react-dom@18.0.0)(@types/react@18.0.0)(react-dom@18.0.0(react@18.0.0))(react@18.0.0)
      '@radix-ui/react-slot': 1.1.1(@types/react@18.0.0)(react@18.0.0)
      react: 18.0.0
      react-dom: 18.0.0(react@18.0.0)
    optionalDependencies:
      '@types/react': 18.0.0
      '@types/react-dom': 18.0.0

  '@radix-ui/react-compose-refs@1.1.1(@types/react@18.0.0)(react@18.0.0)':
    dependencies:
      react: 18.0.0
    optionalDependencies:
      '@types/react': 18.0.0

  '@radix-ui/react-context@1.1.1(@types/react@18.0.0)(react@18.0.0)':
    dependencies:
      react: 18.0.0
    optionalDependencies:
      '@types/react': 18.0.0

  '@radix-ui/react-dialog@1.1.4(@types/react-dom@18.0.0)(@types/react@18.0.0)(react-dom@18.0.0(react@18.0.0))(react@18.0.0)':
    dependencies:
      '@radix-ui/primitive': 1.1.1
      '@radix-ui/react-compose-refs': 1.1.1(@types/react@18.0.0)(react@18.0.0)
      '@radix-ui/react-context': 1.1.1(@types/react@18.0.0)(react@18.0.0)
      '@radix-ui/react-dismissable-layer': 1.1.3(@types/react-dom@18.0.0)(@types/react@18.0.0)(react-dom@18.0.0(react@18.0.0))(react@18.0.0)
      '@radix-ui/react-focus-guards': 1.1.1(@types/react@18.0.0)(react@18.0.0)
      '@radix-ui/react-focus-scope': 1.1.1(@types/react-dom@18.0.0)(@types/react@18.0.0)(react-dom@18.0.0(react@18.0.0))(react@18.0.0)
      '@radix-ui/react-id': 1.1.0(@types/react@18.0.0)(react@18.0.0)
      '@radix-ui/react-portal': 1.1.3(@types/react-dom@18.0.0)(@types/react@18.0.0)(react-dom@18.0.0(react@18.0.0))(react@18.0.0)
      '@radix-ui/react-presence': 1.1.2(@types/react-dom@18.0.0)(@types/react@18.0.0)(react-dom@18.0.0(react@18.0.0))(react@18.0.0)
      '@radix-ui/react-primitive': 2.0.1(@types/react-dom@18.0.0)(@types/react@18.0.0)(react-dom@18.0.0(react@18.0.0))(react@18.0.0)
      '@radix-ui/react-slot': 1.1.1(@types/react@18.0.0)(react@18.0.0)
      '@radix-ui/react-use-controllable-state': 1.1.0(@types/react@18.0.0)(react@18.0.0)
      aria-hidden: 1.2.6
      react: 18.0.0
      react-dom: 18.0.0(react@18.0.0)
      react-remove-scroll: 2.7.1(@types/react@18.0.0)(react@18.0.0)
    optionalDependencies:
      '@types/react': 18.0.0
      '@types/react-dom': 18.0.0

  '@radix-ui/react-direction@1.1.0(@types/react@18.0.0)(react@18.0.0)':
    dependencies:
      react: 18.0.0
    optionalDependencies:
      '@types/react': 18.0.0

  '@radix-ui/react-dismissable-layer@1.1.3(@types/react-dom@18.0.0)(@types/react@18.0.0)(react-dom@18.0.0(react@18.0.0))(react@18.0.0)':
    dependencies:
      '@radix-ui/primitive': 1.1.1
      '@radix-ui/react-compose-refs': 1.1.1(@types/react@18.0.0)(react@18.0.0)
      '@radix-ui/react-primitive': 2.0.1(@types/react-dom@18.0.0)(@types/react@18.0.0)(react-dom@18.0.0(react@18.0.0))(react@18.0.0)
      '@radix-ui/react-use-callback-ref': 1.1.0(@types/react@18.0.0)(react@18.0.0)
      '@radix-ui/react-use-escape-keydown': 1.1.0(@types/react@18.0.0)(react@18.0.0)
      react: 18.0.0
      react-dom: 18.0.0(react@18.0.0)
    optionalDependencies:
      '@types/react': 18.0.0
      '@types/react-dom': 18.0.0

  '@radix-ui/react-focus-guards@1.1.1(@types/react@18.0.0)(react@18.0.0)':
    dependencies:
      react: 18.0.0
    optionalDependencies:
      '@types/react': 18.0.0

  '@radix-ui/react-focus-scope@1.1.1(@types/react-dom@18.0.0)(@types/react@18.0.0)(react-dom@18.0.0(react@18.0.0))(react@18.0.0)':
    dependencies:
      '@radix-ui/react-compose-refs': 1.1.1(@types/react@18.0.0)(react@18.0.0)
      '@radix-ui/react-primitive': 2.0.1(@types/react-dom@18.0.0)(@types/react@18.0.0)(react-dom@18.0.0(react@18.0.0))(react@18.0.0)
      '@radix-ui/react-use-callback-ref': 1.1.0(@types/react@18.0.0)(react@18.0.0)
      react: 18.0.0
      react-dom: 18.0.0(react@18.0.0)
    optionalDependencies:
      '@types/react': 18.0.0
      '@types/react-dom': 18.0.0

  '@radix-ui/react-id@1.1.0(@types/react@18.0.0)(react@18.0.0)':
    dependencies:
      '@radix-ui/react-use-layout-effect': 1.1.0(@types/react@18.0.0)(react@18.0.0)
      react: 18.0.0
    optionalDependencies:
      '@types/react': 18.0.0

  '@radix-ui/react-popper@1.2.1(@types/react-dom@18.0.0)(@types/react@18.0.0)(react-dom@18.0.0(react@18.0.0))(react@18.0.0)':
    dependencies:
      '@floating-ui/react-dom': 2.1.4(react-dom@18.0.0(react@18.0.0))(react@18.0.0)
      '@radix-ui/react-arrow': 1.1.1(@types/react-dom@18.0.0)(@types/react@18.0.0)(react-dom@18.0.0(react@18.0.0))(react@18.0.0)
      '@radix-ui/react-compose-refs': 1.1.1(@types/react@18.0.0)(react@18.0.0)
      '@radix-ui/react-context': 1.1.1(@types/react@18.0.0)(react@18.0.0)
      '@radix-ui/react-primitive': 2.0.1(@types/react-dom@18.0.0)(@types/react@18.0.0)(react-dom@18.0.0(react@18.0.0))(react@18.0.0)
      '@radix-ui/react-use-callback-ref': 1.1.0(@types/react@18.0.0)(react@18.0.0)
      '@radix-ui/react-use-layout-effect': 1.1.0(@types/react@18.0.0)(react@18.0.0)
      '@radix-ui/react-use-rect': 1.1.0(@types/react@18.0.0)(react@18.0.0)
      '@radix-ui/react-use-size': 1.1.0(@types/react@18.0.0)(react@18.0.0)
      '@radix-ui/rect': 1.1.0
      react: 18.0.0
      react-dom: 18.0.0(react@18.0.0)
    optionalDependencies:
      '@types/react': 18.0.0
      '@types/react-dom': 18.0.0

  '@radix-ui/react-portal@1.1.3(@types/react-dom@18.0.0)(@types/react@18.0.0)(react-dom@18.0.0(react@18.0.0))(react@18.0.0)':
    dependencies:
      '@radix-ui/react-primitive': 2.0.1(@types/react-dom@18.0.0)(@types/react@18.0.0)(react-dom@18.0.0(react@18.0.0))(react@18.0.0)
      '@radix-ui/react-use-layout-effect': 1.1.0(@types/react@18.0.0)(react@18.0.0)
      react: 18.0.0
      react-dom: 18.0.0(react@18.0.0)
    optionalDependencies:
      '@types/react': 18.0.0
      '@types/react-dom': 18.0.0

  '@radix-ui/react-presence@1.1.2(@types/react-dom@18.0.0)(@types/react@18.0.0)(react-dom@18.0.0(react@18.0.0))(react@18.0.0)':
    dependencies:
      '@radix-ui/react-compose-refs': 1.1.1(@types/react@18.0.0)(react@18.0.0)
      '@radix-ui/react-use-layout-effect': 1.1.0(@types/react@18.0.0)(react@18.0.0)
      react: 18.0.0
      react-dom: 18.0.0(react@18.0.0)
    optionalDependencies:
      '@types/react': 18.0.0
      '@types/react-dom': 18.0.0

  '@radix-ui/react-primitive@2.0.1(@types/react-dom@18.0.0)(@types/react@18.0.0)(react-dom@18.0.0(react@18.0.0))(react@18.0.0)':
    dependencies:
      '@radix-ui/react-slot': 1.1.1(@types/react@18.0.0)(react@18.0.0)
      react: 18.0.0
      react-dom: 18.0.0(react@18.0.0)
    optionalDependencies:
      '@types/react': 18.0.0
      '@types/react-dom': 18.0.0

  '@radix-ui/react-roving-focus@1.1.1(@types/react-dom@18.0.0)(@types/react@18.0.0)(react-dom@18.0.0(react@18.0.0))(react@18.0.0)':
    dependencies:
      '@radix-ui/primitive': 1.1.1
      '@radix-ui/react-collection': 1.1.1(@types/react-dom@18.0.0)(@types/react@18.0.0)(react-dom@18.0.0(react@18.0.0))(react@18.0.0)
      '@radix-ui/react-compose-refs': 1.1.1(@types/react@18.0.0)(react@18.0.0)
      '@radix-ui/react-context': 1.1.1(@types/react@18.0.0)(react@18.0.0)
      '@radix-ui/react-direction': 1.1.0(@types/react@18.0.0)(react@18.0.0)
      '@radix-ui/react-id': 1.1.0(@types/react@18.0.0)(react@18.0.0)
      '@radix-ui/react-primitive': 2.0.1(@types/react-dom@18.0.0)(@types/react@18.0.0)(react-dom@18.0.0(react@18.0.0))(react@18.0.0)
      '@radix-ui/react-use-callback-ref': 1.1.0(@types/react@18.0.0)(react@18.0.0)
      '@radix-ui/react-use-controllable-state': 1.1.0(@types/react@18.0.0)(react@18.0.0)
      react: 18.0.0
      react-dom: 18.0.0(react@18.0.0)
    optionalDependencies:
      '@types/react': 18.0.0
      '@types/react-dom': 18.0.0

  '@radix-ui/react-select@2.1.4(@types/react-dom@18.0.0)(@types/react@18.0.0)(react-dom@18.0.0(react@18.0.0))(react@18.0.0)':
    dependencies:
      '@radix-ui/number': 1.1.0
      '@radix-ui/primitive': 1.1.1
      '@radix-ui/react-collection': 1.1.1(@types/react-dom@18.0.0)(@types/react@18.0.0)(react-dom@18.0.0(react@18.0.0))(react@18.0.0)
      '@radix-ui/react-compose-refs': 1.1.1(@types/react@18.0.0)(react@18.0.0)
      '@radix-ui/react-context': 1.1.1(@types/react@18.0.0)(react@18.0.0)
      '@radix-ui/react-direction': 1.1.0(@types/react@18.0.0)(react@18.0.0)
      '@radix-ui/react-dismissable-layer': 1.1.3(@types/react-dom@18.0.0)(@types/react@18.0.0)(react-dom@18.0.0(react@18.0.0))(react@18.0.0)
      '@radix-ui/react-focus-guards': 1.1.1(@types/react@18.0.0)(react@18.0.0)
      '@radix-ui/react-focus-scope': 1.1.1(@types/react-dom@18.0.0)(@types/react@18.0.0)(react-dom@18.0.0(react@18.0.0))(react@18.0.0)
      '@radix-ui/react-id': 1.1.0(@types/react@18.0.0)(react@18.0.0)
      '@radix-ui/react-popper': 1.2.1(@types/react-dom@18.0.0)(@types/react@18.0.0)(react-dom@18.0.0(react@18.0.0))(react@18.0.0)
      '@radix-ui/react-portal': 1.1.3(@types/react-dom@18.0.0)(@types/react@18.0.0)(react-dom@18.0.0(react@18.0.0))(react@18.0.0)
      '@radix-ui/react-primitive': 2.0.1(@types/react-dom@18.0.0)(@types/react@18.0.0)(react-dom@18.0.0(react@18.0.0))(react@18.0.0)
      '@radix-ui/react-slot': 1.1.1(@types/react@18.0.0)(react@18.0.0)
      '@radix-ui/react-use-callback-ref': 1.1.0(@types/react@18.0.0)(react@18.0.0)
      '@radix-ui/react-use-controllable-state': 1.1.0(@types/react@18.0.0)(react@18.0.0)
      '@radix-ui/react-use-layout-effect': 1.1.0(@types/react@18.0.0)(react@18.0.0)
      '@radix-ui/react-use-previous': 1.1.0(@types/react@18.0.0)(react@18.0.0)
      '@radix-ui/react-visually-hidden': 1.1.1(@types/react-dom@18.0.0)(@types/react@18.0.0)(react-dom@18.0.0(react@18.0.0))(react@18.0.0)
      aria-hidden: 1.2.6
      react: 18.0.0
      react-dom: 18.0.0(react@18.0.0)
      react-remove-scroll: 2.7.1(@types/react@18.0.0)(react@18.0.0)
    optionalDependencies:
      '@types/react': 18.0.0
      '@types/react-dom': 18.0.0

  '@radix-ui/react-slot@1.1.1(@types/react@18.0.0)(react@18.0.0)':
    dependencies:
      '@radix-ui/react-compose-refs': 1.1.1(@types/react@18.0.0)(react@18.0.0)
      react: 18.0.0
    optionalDependencies:
      '@types/react': 18.0.0

  '@radix-ui/react-tabs@1.1.2(@types/react-dom@18.0.0)(@types/react@18.0.0)(react-dom@18.0.0(react@18.0.0))(react@18.0.0)':
    dependencies:
      '@radix-ui/primitive': 1.1.1
      '@radix-ui/react-context': 1.1.1(@types/react@18.0.0)(react@18.0.0)
      '@radix-ui/react-direction': 1.1.0(@types/react@18.0.0)(react@18.0.0)
      '@radix-ui/react-id': 1.1.0(@types/react@18.0.0)(react@18.0.0)
      '@radix-ui/react-presence': 1.1.2(@types/react-dom@18.0.0)(@types/react@18.0.0)(react-dom@18.0.0(react@18.0.0))(react@18.0.0)
      '@radix-ui/react-primitive': 2.0.1(@types/react-dom@18.0.0)(@types/react@18.0.0)(react-dom@18.0.0(react@18.0.0))(react@18.0.0)
      '@radix-ui/react-roving-focus': 1.1.1(@types/react-dom@18.0.0)(@types/react@18.0.0)(react-dom@18.0.0(react@18.0.0))(react@18.0.0)
      '@radix-ui/react-use-controllable-state': 1.1.0(@types/react@18.0.0)(react@18.0.0)
      react: 18.0.0
      react-dom: 18.0.0(react@18.0.0)
    optionalDependencies:
      '@types/react': 18.0.0
      '@types/react-dom': 18.0.0

  '@radix-ui/react-toast@1.2.4(@types/react-dom@18.0.0)(@types/react@18.0.0)(react-dom@18.0.0(react@18.0.0))(react@18.0.0)':
    dependencies:
      '@radix-ui/primitive': 1.1.1
      '@radix-ui/react-collection': 1.1.1(@types/react-dom@18.0.0)(@types/react@18.0.0)(react-dom@18.0.0(react@18.0.0))(react@18.0.0)
      '@radix-ui/react-compose-refs': 1.1.1(@types/react@18.0.0)(react@18.0.0)
      '@radix-ui/react-context': 1.1.1(@types/react@18.0.0)(react@18.0.0)
      '@radix-ui/react-dismissable-layer': 1.1.3(@types/react-dom@18.0.0)(@types/react@18.0.0)(react-dom@18.0.0(react@18.0.0))(react@18.0.0)
      '@radix-ui/react-portal': 1.1.3(@types/react-dom@18.0.0)(@types/react@18.0.0)(react-dom@18.0.0(react@18.0.0))(react@18.0.0)
      '@radix-ui/react-presence': 1.1.2(@types/react-dom@18.0.0)(@types/react@18.0.0)(react-dom@18.0.0(react@18.0.0))(react@18.0.0)
      '@radix-ui/react-primitive': 2.0.1(@types/react-dom@18.0.0)(@types/react@18.0.0)(react-dom@18.0.0(react@18.0.0))(react@18.0.0)
      '@radix-ui/react-use-callback-ref': 1.1.0(@types/react@18.0.0)(react@18.0.0)
      '@radix-ui/react-use-controllable-state': 1.1.0(@types/react@18.0.0)(react@18.0.0)
      '@radix-ui/react-use-layout-effect': 1.1.0(@types/react@18.0.0)(react@18.0.0)
      '@radix-ui/react-visually-hidden': 1.1.1(@types/react-dom@18.0.0)(@types/react@18.0.0)(react-dom@18.0.0(react@18.0.0))(react@18.0.0)
      react: 18.0.0
      react-dom: 18.0.0(react@18.0.0)
    optionalDependencies:
      '@types/react': 18.0.0
      '@types/react-dom': 18.0.0

  '@radix-ui/react-use-callback-ref@1.1.0(@types/react@18.0.0)(react@18.0.0)':
    dependencies:
      react: 18.0.0
    optionalDependencies:
      '@types/react': 18.0.0

  '@radix-ui/react-use-controllable-state@1.1.0(@types/react@18.0.0)(react@18.0.0)':
    dependencies:
      '@radix-ui/react-use-callback-ref': 1.1.0(@types/react@18.0.0)(react@18.0.0)
      react: 18.0.0
    optionalDependencies:
      '@types/react': 18.0.0

  '@radix-ui/react-use-escape-keydown@1.1.0(@types/react@18.0.0)(react@18.0.0)':
    dependencies:
      '@radix-ui/react-use-callback-ref': 1.1.0(@types/react@18.0.0)(react@18.0.0)
      react: 18.0.0
    optionalDependencies:
      '@types/react': 18.0.0

  '@radix-ui/react-use-layout-effect@1.1.0(@types/react@18.0.0)(react@18.0.0)':
    dependencies:
      react: 18.0.0
    optionalDependencies:
      '@types/react': 18.0.0

  '@radix-ui/react-use-previous@1.1.0(@types/react@18.0.0)(react@18.0.0)':
    dependencies:
      react: 18.0.0
    optionalDependencies:
      '@types/react': 18.0.0

  '@radix-ui/react-use-rect@1.1.0(@types/react@18.0.0)(react@18.0.0)':
    dependencies:
      '@radix-ui/rect': 1.1.0
      react: 18.0.0
    optionalDependencies:
      '@types/react': 18.0.0

  '@radix-ui/react-use-size@1.1.0(@types/react@18.0.0)(react@18.0.0)':
    dependencies:
      '@radix-ui/react-use-layout-effect': 1.1.0(@types/react@18.0.0)(react@18.0.0)
      react: 18.0.0
    optionalDependencies:
      '@types/react': 18.0.0

  '@radix-ui/react-visually-hidden@1.1.1(@types/react-dom@18.0.0)(@types/react@18.0.0)(react-dom@18.0.0(react@18.0.0))(react@18.0.0)':
    dependencies:
      '@radix-ui/react-primitive': 2.0.1(@types/react-dom@18.0.0)(@types/react@18.0.0)(react-dom@18.0.0(react@18.0.0))(react@18.0.0)
      react: 18.0.0
      react-dom: 18.0.0(react@18.0.0)
    optionalDependencies:
      '@types/react': 18.0.0
      '@types/react-dom': 18.0.0

  '@radix-ui/rect@1.1.0': {}

  '@swc/counter@0.1.3': {}

  '@swc/helpers@0.5.5':
    dependencies:
      '@swc/counter': 0.1.3
      tslib: 2.8.1

  '@types/node@22.0.0':
    dependencies:
      undici-types: 6.11.1

  '@types/node@22.16.0':
    dependencies:
      undici-types: 6.21.0

  '@types/pg@8.15.4':
    dependencies:
      '@types/node': 22.0.0
      pg-protocol: 1.10.3
      pg-types: 2.2.0

  '@types/prop-types@15.7.15': {}

  '@types/react-dom@18.0.0':
    dependencies:
      '@types/react': 18.0.0

  '@types/react@18.0.0':
    dependencies:
      '@types/prop-types': 15.7.15
      '@types/scheduler': 0.26.0
      csstype: 3.1.3

  '@types/scheduler@0.26.0': {}

  aria-hidden@1.2.6:
    dependencies:
      tslib: 2.8.1

  bcryptjs@3.0.2: {}

  busboy@1.6.0:
    dependencies:
      streamsearch: 1.1.0

  caniuse-lite@1.0.30001726: {}

  class-variance-authority@0.7.1:
    dependencies:
      clsx: 2.1.1

  client-only@0.0.1: {}

  clsx@2.1.1: {}

  csstype@3.1.3: {}

  detect-node-es@1.1.0: {}

  get-nonce@1.0.1: {}

  graceful-fs@4.2.11: {}

  jose@6.0.11: {}

  js-tokens@4.0.0: {}

  loose-envify@1.4.0:
    dependencies:
      js-tokens: 4.0.0

  lucide-react@0.454.0(react@18.0.0):
    dependencies:
      react: 18.0.0

  nanoid@3.3.11: {}

  next@14.2.16(react-dom@18.0.0(react@18.0.0))(react@18.0.0):
    dependencies:
      '@next/env': 14.2.16
      '@swc/helpers': 0.5.5
      busboy: 1.6.0
      caniuse-lite: 1.0.30001726
      graceful-fs: 4.2.11
      postcss: 8.4.31
      react: 18.0.0
      react-dom: 18.0.0(react@18.0.0)
      styled-jsx: 5.1.1(react@18.0.0)
    optionalDependencies:
      '@next/swc-darwin-arm64': 14.2.16
      '@next/swc-darwin-x64': 14.2.16
      '@next/swc-linux-arm64-gnu': 14.2.16
      '@next/swc-linux-arm64-musl': 14.2.16
      '@next/swc-linux-x64-gnu': 14.2.16
      '@next/swc-linux-x64-musl': 14.2.16
      '@next/swc-win32-arm64-msvc': 14.2.16
      '@next/swc-win32-ia32-msvc': 14.2.16
      '@next/swc-win32-x64-msvc': 14.2.16
    transitivePeerDependencies:
      - '@babel/core'
      - babel-plugin-macros

  pg-int8@1.0.1: {}

  pg-protocol@1.10.3: {}

  pg-types@2.2.0:
    dependencies:
      pg-int8: 1.0.1
      postgres-array: 2.0.0
      postgres-bytea: 1.0.0
      postgres-date: 1.0.7
      postgres-interval: 1.2.0

  picocolors@1.1.1: {}

  postcss@8.4.31:
    dependencies:
      nanoid: 3.3.11
      picocolors: 1.1.1
      source-map-js: 1.2.1

  postcss@8.5.0:
    dependencies:
      nanoid: 3.3.11
      picocolors: 1.1.1
      source-map-js: 1.2.1

  postgres-array@2.0.0: {}

  postgres-bytea@1.0.0: {}

  postgres-date@1.0.7: {}

  postgres-interval@1.2.0:
    dependencies:
      xtend: 4.0.2

  react-dom@18.0.0(react@18.0.0):
    dependencies:
      loose-envify: 1.4.0
      react: 18.0.0
      scheduler: 0.21.0

  react-remove-scroll-bar@2.3.8(@types/react@18.0.0)(react@18.0.0):
    dependencies:
      react: 18.0.0
      react-style-singleton: 2.2.3(@types/react@18.0.0)(react@18.0.0)
      tslib: 2.8.1
    optionalDependencies:
      '@types/react': 18.0.0

  react-remove-scroll@2.7.1(@types/react@18.0.0)(react@18.0.0):
    dependencies:
      react: 18.0.0
      react-remove-scroll-bar: 2.3.8(@types/react@18.0.0)(react@18.0.0)
      react-style-singleton: 2.2.3(@types/react@18.0.0)(react@18.0.0)
      tslib: 2.8.1
      use-callback-ref: 1.3.3(@types/react@18.0.0)(react@18.0.0)
      use-sidecar: 1.1.3(@types/react@18.0.0)(react@18.0.0)
    optionalDependencies:
      '@types/react': 18.0.0

  react-style-singleton@2.2.3(@types/react@18.0.0)(react@18.0.0):
    dependencies:
      get-nonce: 1.0.1
      react: 18.0.0
      tslib: 2.8.1
    optionalDependencies:
      '@types/react': 18.0.0

  react@18.0.0:
    dependencies:
      loose-envify: 1.4.0

  scheduler@0.21.0:
    dependencies:
      loose-envify: 1.4.0

  source-map-js@1.2.1: {}

  streamsearch@1.1.0: {}

  styled-jsx@5.1.1(react@18.0.0):
    dependencies:
      client-only: 0.0.1
      react: 18.0.0

  tailwind-merge@2.5.5: {}

  tailwindcss-animate@1.0.7: {}

  tslib@2.8.1: {}

  typescript@5.0.2: {}

  undici-types@6.11.1: {}

  undici-types@6.21.0: {}

  use-callback-ref@1.3.3(@types/react@18.0.0)(react@18.0.0):
    dependencies:
      react: 18.0.0
      tslib: 2.8.1
    optionalDependencies:
      '@types/react': 18.0.0

  use-sidecar@1.1.3(@types/react@18.0.0)(react@18.0.0):
    dependencies:
      detect-node-es: 1.1.0
      react: 18.0.0
      tslib: 2.8.1
    optionalDependencies:
      '@types/react': 18.0.0

  xtend@4.0.2: {}
